// !$*UTF8*$!
{
	archiveVersion = 1;
	classes = {
	};
	objectVersion = 55;
	objects = {

/* Begin PBXBuildFile section */
		A10000012B00000000000001 /* AppDelegate.swift in Sources */ = {isa = PBXBuildFile; fileRef = F10000012B00000000000001 /* AppDelegate.swift */; };
		A10000022B00000000000002 /* SceneDelegate.swift in Sources */ = {isa = PBXBuildFile; fileRef = F10000022B00000000000002 /* SceneDelegate.swift */; };
		A10000032B00000000000003 /* UserSession.swift in Sources */ = {isa = PBXBuildFile; fileRef = F10000032B00000000000003 /* UserSession.swift */; };
		A10000042B00000000000004 /* SsoHistoryItem.swift in Sources */ = {isa = PBXBuildFile; fileRef = F10000042B00000000000004 /* SsoHistoryItem.swift */; };
		A10000052B00000000000005 /* APIService.swift in Sources */ = {isa = PBXBuildFile; fileRef = F10000052B00000000000005 /* APIService.swift */; };
		A10000062B00000000000006 /* SsoHistoryCell.swift in Sources */ = {isa = PBXBuildFile; fileRef = F10000062B00000000000006 /* SsoHistoryCell.swift */; };
		A10000072B00000000000007 /* DashboardViewController.swift in Sources */ = {isa = PBXBuildFile; fileRef = F10000072B00000000000007 /* DashboardViewController.swift */; };
		A10000082B00000000000008 /* InsurancePanelViewController.swift in Sources */ = {isa = PBXBuildFile; fileRef = F10000082B00000000000008 /* InsurancePanelViewController.swift */; };
		A10000092B00000000000009 /* WebActionViewController.swift in Sources */ = {isa = PBXBuildFile; fileRef = F10000092B00000000000009 /* WebActionViewController.swift */; };
/* End PBXBuildFile section */

/* Begin PBXFileReference section */
		E10000012B00000000000001 /* Hoogmatic.app */ = {isa = PBXFileReference; explicitFileType = wrapper.application; includeInIndex = 0; path = Hoogmatic.app; sourceTree = BUILT_PRODUCTS_DIR; };
		F10000012B00000000000001 /* AppDelegate.swift */ = {isa = PBXFileReference; lastKnownFileType = sourcecode.swift; path = AppDelegate.swift; sourceTree = "<group>"; };
		F10000022B00000000000002 /* SceneDelegate.swift */ = {isa = PBXFileReference; lastKnownFileType = sourcecode.swift; path = SceneDelegate.swift; sourceTree = "<group>"; };
		F10000032B00000000000003 /* UserSession.swift */ = {isa = PBXFileReference; lastKnownFileType = sourcecode.swift; path = Models/UserSession.swift; sourceTree = "<group>"; };
		F10000042B00000000000004 /* SsoHistoryItem.swift */ = {isa = PBXFileReference; lastKnownFileType = sourcecode.swift; path = Models/SsoHistoryItem.swift; sourceTree = "<group>"; };
		F10000052B00000000000005 /* APIService.swift */ = {isa = PBXFileReference; lastKnownFileType = sourcecode.swift; path = Services/APIService.swift; sourceTree = "<group>"; };
		F10000062B00000000000006 /* SsoHistoryCell.swift */ = {isa = PBXFileReference; lastKnownFileType = sourcecode.swift; path = Views/SsoHistoryCell.swift; sourceTree = "<group>"; };
		F10000072B00000000000007 /* DashboardViewController.swift */ = {isa = PBXFileReference; lastKnownFileType = sourcecode.swift; path = Controllers/DashboardViewController.swift; sourceTree = "<group>"; };
		F10000082B00000000000008 /* InsurancePanelViewController.swift */ = {isa = PBXFileReference; lastKnownFileType = sourcecode.swift; path = Controllers/InsurancePanelViewController.swift; sourceTree = "<group>"; };
		F10000092B00000000000009 /* WebActionViewController.swift */ = {isa = PBXFileReference; lastKnownFileType = sourcecode.swift; path = Controllers/WebActionViewController.swift; sourceTree = "<group>"; };
		F10000102B00000000000010 /* Info.plist */ = {isa = PBXFileReference; lastKnownFileType = text.plist.xml; path = Info.plist; sourceTree = "<group>"; };
/* End PBXFileReference section */

/* Begin PBXFrameworksBuildPhase section */
		C10000012B00000000000001 /* Frameworks */ = {
			isa = PBXFrameworksBuildPhase;
			buildActionMask = 2147483647;
			files = (
			);
			runOnlyForDeploymentPostprocessing = 0;
		};
/* End PBXFrameworksBuildPhase section */

/* Begin PBXGroup section */
		G10000012B00000000000001 = {
			isa = PBXGroup;
			children = (
				G10000022B00000000000002 /* Hoogmatic */,
				G10000032B00000000000003 /* Products */,
			);
			sourceTree = "<group>";
		};
		G10000022B00000000000002 /* Hoogmatic */ = {
			isa = PBXGroup;
			children = (
				F10000012B00000000000001 /* AppDelegate.swift */,
				F10000022B00000000000002 /* SceneDelegate.swift */,
				F10000032B00000000000003 /* UserSession.swift */,
				F10000042B00000000000004 /* SsoHistoryItem.swift */,
				F10000052B00000000000005 /* APIService.swift */,
				F10000062B00000000000006 /* SsoHistoryCell.swift */,
				F10000072B00000000000007 /* DashboardViewController.swift */,
				F10000082B00000000000008 /* InsurancePanelViewController.swift */,
				F10000092B00000000000009 /* WebActionViewController.swift */,
				F10000102B00000000000010 /* Info.plist */,
			);
			path = Hoogmatic;
			sourceTree = "<group>";
		};
		G10000032B00000000000003 /* Products */ = {
			isa = PBXGroup;
			children = (
				E10000012B00000000000001 /* Hoogmatic.app */,
			);
			name = Products;
			sourceTree = "<group>";
		};
/* End PBXGroup section */

/* Begin PBXNativeTarget section */
		T10000012B00000000000001 /* Hoogmatic */ = {
			isa = PBXNativeTarget;
			buildConfigurationList = B10000012B00000000000001 /* Build configuration list for PBXNativeTarget "Hoogmatic" */;
			buildPhases = (
				S10000012B00000000000001 /* Sources */,
				C10000012B00000000000001 /* Frameworks */,
			);
			buildRules = (
			);
			dependencies = (
			);
			name = Hoogmatic;
			productName = Hoogmatic;
			productReference = E10000012B00000000000001 /* Hoogmatic.app */;
			productType = "com.apple.product-type.application";
		};
/* End PBXNativeTarget section */

/* Begin PBXProject section */
		P10000012B00000000000001 /* Project object */ = {
			isa = PBXProject;
			attributes = {
				BuildIndependentTargetsInParallel = 1;
				LastSwiftUpdateCheck = 1500;
				LastUpgradeCheck = 1500;
				TargetAttributes = {
					T10000012B00000000000001 = {
						CreatedOnToolsVersion = 15.0;
					};
				};
			};
			buildConfigurationList = B10000022B00000000000002 /* Build configuration list for PBXProject "Hoogmatic" */;
			compatibilityVersion = "Xcode 14.0";
			developmentRegion = en;
			hasScannedForEncodings = 0;
			knownRegions = (
				en,
				Base,
			);
			mainGroup = G10000012B00000000000001;
			productRefGroup = G10000032B00000000000003 /* Products */;
			projectDirPath = "";
			projectRoot = "";
			targets = (
				T10000012B00000000000001 /* Hoogmatic */,
			);
		};
/* End PBXProject section */

/* Begin PBXSourcesBuildPhase section */
		S10000012B00000000000001 /* Sources */ = {
			isa = PBXSourcesBuildPhase;
			buildActionMask = 2147483647;
			files = (
				A10000012B00000000000001 /* AppDelegate.swift in Sources */,
				A10000022B00000000000002 /* SceneDelegate.swift in Sources */,
				A10000032B00000000000003 /* UserSession.swift in Sources */,
				A10000042B00000000000004 /* SsoHistoryItem.swift in Sources */,
				A10000052B00000000000005 /* APIService.swift in Sources */,
				A10000062B00000000000006 /* SsoHistoryCell.swift in Sources */,
				A10000072B00000000000007 /* DashboardViewController.swift in Sources */,
				A10000082B00000000000008 /* InsurancePanelViewController.swift in Sources */,
				A10000092B00000000000009 /* WebActionViewController.swift in Sources */,
			);
			runOnlyForDeploymentPostprocessing = 0;
		};
/* End PBXSourcesBuildPhase section */

/* Begin XCBuildConfiguration section */
		XC1000012B00000000000001 /* Debug */ = {
			isa = XCBuildConfiguration;
			buildSettings = {
				ASSETCATALOG_COMPILER_APPICON_NAME = AppIcon;
				ASSETCATALOG_COMPILER_GLOBAL_ACCENT_COLOR_NAME = AccentColor;
				CODE_SIGN_STYLE = Automatic;
				CURRENT_PROJECT_VERSION = 4;
				GENERATE_INFOPLIST_FILE = NO;
				INFOPLIST_FILE = Hoogmatic/Info.plist;
				IPHONEOS_DEPLOYMENT_TARGET = 15.0;
				LD_RUNPATH_SEARCH_PATHS = (
					"$(inherited)",
					"@executable_path/Frameworks",
				);
				MARKETING_VERSION = 4.0;
				PRODUCT_BUNDLE_IDENTIFIER = com.hoogmatic.connector;
				PRODUCT_NAME = "$(TARGET_NAME)";
				SWIFT_EMIT_LOC_STRINGS = YES;
				SWIFT_VERSION = 5.0;
				TARGETED_DEVICE_FAMILY = "1,2";
			};
			name = Debug;
		};
		XC1000022B00000000000002 /* Release */ = {
			isa = XCBuildConfiguration;
			buildSettings = {
				ASSETCATALOG_COMPILER_APPICON_NAME = AppIcon;
				ASSETCATALOG_COMPILER_GLOBAL_ACCENT_COLOR_NAME = AccentColor;
				CODE_SIGN_STYLE = Automatic;
				CURRENT_PROJECT_VERSION = 4;
				GENERATE_INFOPLIST_FILE = NO;
				INFOPLIST_FILE = Hoogmatic/Info.plist;
				IPHONEOS_DEPLOYMENT_TARGET = 15.0;
				LD_RUNPATH_SEARCH_PATHS = (
					"$(inherited)",
					"@executable_path/Frameworks",
				);
				MARKETING_VERSION = 4.0;
				PRODUCT_BUNDLE_IDENTIFIER = com.hoogmatic.connector;
				PRODUCT_NAME = "$(TARGET_NAME)";
				SWIFT_EMIT_LOC_STRINGS = YES;
				SWIFT_VERSION = 5.0;
				TARGETED_DEVICE_FAMILY = "1,2";
			};
			name = Release;
		};
		XC1000032B00000000000003 /* Debug */ = {
			isa = XCBuildConfiguration;
			buildSettings = {
				ALWAYS_SEARCH_USER_PATHS = NO;
				CLANG_ANALYZER_NONNULL = YES;
				CLANG_CXX_LANGUAGE_STANDARD = "gnu++20";
				CLANG_ENABLE_MODULES = YES;
				CLANG_ENABLE_OBJC_ARC = YES;
				COPY_PHASE_STRIP = NO;
				DEBUG_INFORMATION_FORMAT = dwarf;
				ENABLE_STRICT_OBJC_MSGSEND = YES;
				ENABLE_TESTABILITY = YES;
				GCC_DYNAMIC_NO_PIC = NO;
				GCC_NO_COMMON_BLOCKS = YES;
				GCC_OPTIMIZATION_LEVEL = 0;
				GCC_PREPROCESSOR_DEFINITIONS = (
					"DEBUG=1",
					"$(inherited)",
				);
				GCC_WARN_64_TO_32_BIT_CONVERSION = YES;
				GCC_WARN_ABOUT_RETURN_TYPE = YES_ERROR;
				GCC_WARN_UNDECLARED_SELECTOR = YES;
				GCC_WARN_UNINITIALIZED_AUTOS = YES_AGGRESSIVE;
				GCC_WARN_UNUSED_FUNCTION = YES;
				GCC_WARN_UNUSED_VARIABLE = YES;
				IPHONEOS_DEPLOYMENT_TARGET = 15.0;
				MTL_ENABLE_DEBUG_INFO = INCLUDE_SOURCE;
				MTL_FAST_MATH = YES;
				ONLY_ACTIVE_ARCH = YES;
				SDKROOT = iphoneos;
				SWIFT_ACTIVE_COMPILATION_CONDITIONS = DEBUG;
				SWIFT_OPTIMIZATION_LEVEL = "-Onone";
			};
			name = Debug;
		};
		XC1000042B00000000000004 /* Release */ = {
			isa = XCBuildConfiguration;
			buildSettings = {
				ALWAYS_SEARCH_USER_PATHS = NO;
				CLANG_ANALYZER_NONNULL = YES;
				CLANG_CXX_LANGUAGE_STANDARD = "gnu++20";
				CLANG_ENABLE_MODULES = YES;
				CLANG_ENABLE_OBJC_ARC = YES;
				COPY_PHASE_STRIP = NO;
				DEBUG_INFORMATION_FORMAT = "dwarf-with-dsym";
				ENABLE_NS_ASSERTIONS = NO;
				ENABLE_STRICT_OBJC_MSGSEND = YES;
				GCC_NO_COMMON_BLOCKS = YES;
				GCC_WARN_64_TO_32_BIT_CONVERSION = YES;
				GCC_WARN_ABOUT_RETURN_TYPE = YES_ERROR;
				GCC_WARN_UNDECLARED_SELECTOR = YES;
				GCC_WARN_UNINITIALIZED_AUTOS = YES_AGGRESSIVE;
				GCC_WARN_UNUSED_FUNCTION = YES;
				GCC_WARN_UNUSED_VARIABLE = YES;
				IPHONEOS_DEPLOYMENT_TARGET = 15.0;
				MTL_FAST_MATH = YES;
				SDKROOT = iphoneos;
				SWIFT_COMPILATION_MODE = wholemodule;
				SWIFT_OPTIMIZATION_LEVEL = "-O";
				VALIDATE_PRODUCT = YES;
			};
			name = Release;
		};
/* End XCBuildConfiguration section */

/* Begin XCConfigurationList section */
		B10000012B00000000000001 /* Build configuration list for PBXNativeTarget "Hoogmatic" */ = {
			isa = XCConfigurationList;
			buildConfigurations = (
				XC1000012B00000000000001 /* Debug */,
				XC1000022B00000000000002 /* Release */,
			);
			defaultConfigurationIsVisible = 0;
			defaultConfigurationName = Release;
		};
		B10000022B00000000000002 /* Build configuration list for PBXProject "Hoogmatic" */ = {
			isa = XCConfigurationList;
			buildConfigurations = (
				XC1000032B00000000000003 /* Debug */,
				XC1000042B00000000000004 /* Release */,
			);
			defaultConfigurationIsVisible = 0;
			defaultConfigurationName = Release;
		};
/* End XCConfigurationList section */
	};
	rootObject = P10000012B00000000000001 /* Project object */;
}
